
Microsoft Visual Studio Solution File, Format Version 12.00
# Visual Studio Version 16
VisualStudioVersion = 16.0.32630.194
MinimumVisualStudioVersion = 10.0.40219.1
Project("{FAE04EC0-301F-11D3-BF4B-00C04F79EFBC}") = "Web Parser", "Web Parser.csproj", "{C7EA6F42-F423-4151-8307-281CF35836ED}"
EndProject
Global
	GlobalSection(SolutionConfigurationPlatforms) = preSolution
		Debug|Any CPU = Debug|Any CPU
		Release|Any CPU = Release|Any CPU
	EndGlobalSection
	GlobalSection(ProjectConfigurationPlatforms) = postSolution
		{C7EA6F42-F423-4151-8307-281CF35836ED}.Debug|Any CPU.ActiveCfg = Debug|Any CPU
		{C7EA6F42-F423-4151-8307-281CF35836ED}.Debug|Any CPU.Build.0 = Debug|Any CPU
		{C7EA6F42-F423-4151-8307-281CF35836ED}.Release|Any CPU.ActiveCfg = Release|Any CPU
		{C7EA6F42-F423-4151-8307-281CF35836ED}.Release|Any CPU.Build.0 = Release|Any CPU
	EndGlobalSection
	GlobalSection(SolutionProperties) = preSolution
		HideSolutionNode = FALSE
	EndGlobalSection
	GlobalSection(ExtensibilityGlobals) = postSolution
		SolutionGuid = {30715A5B-FB19-4B79-8043-DA3A23EC80B9}
	EndGlobalSection
EndGlobal
